
Microsoft Visual Studio Solution File, Format Version 12.00
# Visual Studio Version 16
VisualStudioVersion = 16.0.30204.135
MinimumVisualStudioVersion = 10.0.40219.1
Project("{8BC9CEB8-8B4A-11D0-8D11-00A0C91BC942}") = "LAB_1_CHOLESKY_DECOMPOSITION_C++", "LAB_1_CHOLESKY_DECOMPOSITION_C++\LAB_1_CHOLESKY_DECOMPOSITION_C++.vcxproj", "{4729A699-361F-4291-AB35-11E31A161716}"
EndProject
Project("{8BC9CEB8-8B4A-11D0-8D11-00A0C91BC942}") = "LAB_2_TRAPEZOID_SQUARES_C++", "LAB_2_TRAPEZOID_SQUARES_C++\LAB_2_TRAPEZOID_SQUARES_C++.vcxproj", "{08DFBAA9-74ED-488D-95FC-E9E7236EEBB0}"
EndProject
Project("{8BC9CEB8-8B4A-11D0-8D11-00A0C91BC942}") = "LAB_3_MONTE_KARLO_MUTEXES_C++", "LAB_3_MONTE_KARLO_MUTEXES_C++\LAB_3_MONTE_KARLO_MUTEXES_C++.vcxproj", "{5D05F992-F4D4-48A4-8C6E-41F81178B7DA}"
EndProject
Project("{FAE04EC0-301F-11D3-BF4B-00C04F79EFBC}") = "LAB_4_SOLAE_LLT_SEMAPHORS_CS", "LAB_4_SOLAE_LLT_SEMAPHORS_CS\LAB_4_SOLAE_LLT_SEMAPHORS_CS.csproj", "{2B9DE236-BA21-4B56-8D49-EB9726335CA8}"
EndProject
Project("{FAE04EC0-301F-11D3-BF4B-00C04F79EFBC}") = "LAB_6_SOLAE_LLT_EVENT_CS", "LAB_6_SOLAE_LLT_EVENT_CS\LAB_6_SOLAE_LLT_EVENT_CS.csproj", "{E6FB6CA0-3E6E-4478-B9F3-EFCDC0386300}"
EndProject
Global
	GlobalSection(SolutionConfigurationPlatforms) = preSolution
		Debug|Any CPU = Debug|Any CPU
		Debug|x64 = Debug|x64
		Debug|x86 = Debug|x86
		Release|Any CPU = Release|Any CPU
		Release|x64 = Release|x64
		Release|x86 = Release|x86
	EndGlobalSection
	GlobalSection(ProjectConfigurationPlatforms) = postSolution
		{4729A699-361F-4291-AB35-11E31A161716}.Debug|Any CPU.ActiveCfg = Debug|Win32
		{4729A699-361F-4291-AB35-11E31A161716}.Debug|x64.ActiveCfg = Debug|x64
		{4729A699-361F-4291-AB35-11E31A161716}.Debug|x64.Build.0 = Debug|x64
		{4729A699-361F-4291-AB35-11E31A161716}.Debug|x86.ActiveCfg = Debug|Win32
		{4729A699-361F-4291-AB35-11E31A161716}.Debug|x86.Build.0 = Debug|Win32
		{4729A699-361F-4291-AB35-11E31A161716}.Release|Any CPU.ActiveCfg = Release|Win32
		{4729A699-361F-4291-AB35-11E31A161716}.Release|x64.ActiveCfg = Release|x64
		{4729A699-361F-4291-AB35-11E31A161716}.Release|x64.Build.0 = Release|x64
		{4729A699-361F-4291-AB35-11E31A161716}.Release|x86.ActiveCfg = Release|Win32
		{4729A699-361F-4291-AB35-11E31A161716}.Release|x86.Build.0 = Release|Win32
		{08DFBAA9-74ED-488D-95FC-E9E7236EEBB0}.Debug|Any CPU.ActiveCfg = Debug|Win32
		{08DFBAA9-74ED-488D-95FC-E9E7236EEBB0}.Debug|x64.ActiveCfg = Debug|x64
		{08DFBAA9-74ED-488D-95FC-E9E7236EEBB0}.Debug|x64.Build.0 = Debug|x64
		{08DFBAA9-74ED-488D-95FC-E9E7236EEBB0}.Debug|x86.ActiveCfg = Debug|Win32
		{08DFBAA9-74ED-488D-95FC-E9E7236EEBB0}.Debug|x86.Build.0 = Debug|Win32
		{08DFBAA9-74ED-488D-95FC-E9E7236EEBB0}.Release|Any CPU.ActiveCfg = Release|Win32
		{08DFBAA9-74ED-488D-95FC-E9E7236EEBB0}.Release|x64.ActiveCfg = Release|x64
		{08DFBAA9-74ED-488D-95FC-E9E7236EEBB0}.Release|x64.Build.0 = Release|x64
		{08DFBAA9-74ED-488D-95FC-E9E7236EEBB0}.Release|x86.ActiveCfg = Release|Win32
		{08DFBAA9-74ED-488D-95FC-E9E7236EEBB0}.Release|x86.Build.0 = Release|Win32
		{5D05F992-F4D4-48A4-8C6E-41F81178B7DA}.Debug|Any CPU.ActiveCfg = Debug|Win32
		{5D05F992-F4D4-48A4-8C6E-41F81178B7DA}.Debug|x64.ActiveCfg = Debug|x64
		{5D05F992-F4D4-48A4-8C6E-41F81178B7DA}.Debug|x64.Build.0 = Debug|x64
		{5D05F992-F4D4-48A4-8C6E-41F81178B7DA}.Debug|x86.ActiveCfg = Debug|Win32
		{5D05F992-F4D4-48A4-8C6E-41F81178B7DA}.Debug|x86.Build.0 = Debug|Win32
		{5D05F992-F4D4-48A4-8C6E-41F81178B7DA}.Release|Any CPU.ActiveCfg = Release|Win32
		{5D05F992-F4D4-48A4-8C6E-41F81178B7DA}.Release|x64.ActiveCfg = Release|x64
		{5D05F992-F4D4-48A4-8C6E-41F81178B7DA}.Release|x64.Build.0 = Release|x64
		{5D05F992-F4D4-48A4-8C6E-41F81178B7DA}.Release|x86.ActiveCfg = Release|Win32
		{5D05F992-F4D4-48A4-8C6E-41F81178B7DA}.Release|x86.Build.0 = Release|Win32
		{2B9DE236-BA21-4B56-8D49-EB9726335CA8}.Debug|Any CPU.ActiveCfg = Debug|Any CPU
		{2B9DE236-BA21-4B56-8D49-EB9726335CA8}.Debug|Any CPU.Build.0 = Debug|Any CPU
		{2B9DE236-BA21-4B56-8D49-EB9726335CA8}.Debug|x64.ActiveCfg = Debug|Any CPU
		{2B9DE236-BA21-4B56-8D49-EB9726335CA8}.Debug|x64.Build.0 = Debug|Any CPU
		{2B9DE236-BA21-4B56-8D49-EB9726335CA8}.Debug|x86.ActiveCfg = Debug|Any CPU
		{2B9DE236-BA21-4B56-8D49-EB9726335CA8}.Debug|x86.Build.0 = Debug|Any CPU
		{2B9DE236-BA21-4B56-8D49-EB9726335CA8}.Release|Any CPU.ActiveCfg = Release|Any CPU
		{2B9DE236-BA21-4B56-8D49-EB9726335CA8}.Release|Any CPU.Build.0 = Release|Any CPU
		{2B9DE236-BA21-4B56-8D49-EB9726335CA8}.Release|x64.ActiveCfg = Release|Any CPU
		{2B9DE236-BA21-4B56-8D49-EB9726335CA8}.Release|x64.Build.0 = Release|Any CPU
		{2B9DE236-BA21-4B56-8D49-EB9726335CA8}.Release|x86.ActiveCfg = Release|Any CPU
		{2B9DE236-BA21-4B56-8D49-EB9726335CA8}.Release|x86.Build.0 = Release|Any CPU
		{E6FB6CA0-3E6E-4478-B9F3-EFCDC0386300}.Debug|Any CPU.ActiveCfg = Debug|Any CPU
		{E6FB6CA0-3E6E-4478-B9F3-EFCDC0386300}.Debug|Any CPU.Build.0 = Debug|Any CPU
		{E6FB6CA0-3E6E-4478-B9F3-EFCDC0386300}.Debug|x64.ActiveCfg = Debug|Any CPU
		{E6FB6CA0-3E6E-4478-B9F3-EFCDC0386300}.Debug|x64.Build.0 = Debug|Any CPU
		{E6FB6CA0-3E6E-4478-B9F3-EFCDC0386300}.Debug|x86.ActiveCfg = Debug|Any CPU
		{E6FB6CA0-3E6E-4478-B9F3-EFCDC0386300}.Debug|x86.Build.0 = Debug|Any CPU
		{E6FB6CA0-3E6E-4478-B9F3-EFCDC0386300}.Release|Any CPU.ActiveCfg = Release|Any CPU
		{E6FB6CA0-3E6E-4478-B9F3-EFCDC0386300}.Release|Any CPU.Build.0 = Release|Any CPU
		{E6FB6CA0-3E6E-4478-B9F3-EFCDC0386300}.Release|x64.ActiveCfg = Release|Any CPU
		{E6FB6CA0-3E6E-4478-B9F3-EFCDC0386300}.Release|x64.Build.0 = Release|Any CPU
		{E6FB6CA0-3E6E-4478-B9F3-EFCDC0386300}.Release|x86.ActiveCfg = Release|Any CPU
		{E6FB6CA0-3E6E-4478-B9F3-EFCDC0386300}.Release|x86.Build.0 = Release|Any CPU
	EndGlobalSection
	GlobalSection(SolutionProperties) = preSolution
		HideSolutionNode = FALSE
	EndGlobalSection
	GlobalSection(ExtensibilityGlobals) = postSolution
		SolutionGuid = {585F5C10-0D90-4196-AE61-369CBCFEA697}
	EndGlobalSection
EndGlobal
